
Microsoft Visual Studio Solution File, Format Version 12.00
# Visual Studio 14
VisualStudioVersion = 14.0.25123.0
MinimumVisualStudioVersion = 10.0.40219.1
Project("{BC79C793-DE29-443F-B68F-FABA2319F8E8}") = "Sitecore.Support.293880", "Sitecore.Support.293880\Sitecore.Support.293880.csproj", "{B6801A12-15EF-46B1-943A-D8259862FFE0}"
EndProject
Global
	GlobalSection(SolutionConfigurationPlatforms) = preSolution
		Debug|Any CPU = Debug|Any CPU
		Release|Any CPU = Release|Any CPU
	EndGlobalSection
	GlobalSection(ProjectConfigurationPlatforms) = postSolution
		{B6801A12-15EF-46B1-943A-D8259862FFE0}.Debug|Any CPU.ActiveCfg = Debug|Any CPU
		{B6801A12-15EF-46B1-943A-D8259862FFE0}.Debug|Any CPU.Build.0 = Debug|Any CPU
		{B6801A12-15EF-46B1-943A-D8259862FFE0}.Release|Any CPU.ActiveCfg = Release|Any CPU
		{B6801A12-15EF-46B1-943A-D8259862FFE0}.Release|Any CPU.Build.0 = Release|Any CPU
	EndGlobalSection
	GlobalSection(SolutionProperties) = preSolution
		HideSolutionNode = FALSE
	EndGlobalSection
EndGlobal
